// !$*UTF8*$!
{
	archiveVersion = 1;
	classes = {
	};
	objectVersion = 77;
	objects = {

/* Begin PBXBuildFile section */
		3F12F0BA2DBA501800507202 /* ComposableArchitecture in Frameworks */ = {isa = PBXBuildFile; productRef = 3F12F0B92DBA501800507202 /* ComposableArchitecture */; };
		3F12F0CC2DBA716C00507202 /* DefaultDataTransferService.swift in Sources */ = {isa = PBXBuildFile; fileRef = 3F12F0CB2DBA714C00507202 /* DefaultDataTransferService.swift */; };
		3F12F0CD2DBA716C00507202 /* DefaultDataTransferService.swift in Sources */ = {isa = PBXBuildFile; fileRef = 3F12F0CB2DBA714C00507202 /* DefaultDataTransferService.swift */; };
		3F12F0CE2DBA717100507202 /* HTTPClient.swift in Sources */ = {isa = PBXBuildFile; fileRef = 3F12F0C92DBA714500507202 /* HTTPClient.swift */; };
		3F12F0CF2DBA717100507202 /* HTTPClient.swift in Sources */ = {isa = PBXBuildFile; fileRef = 3F12F0C92DBA714500507202 /* HTTPClient.swift */; };
		3F12F0D02DBA717600507202 /* URLSessionHTTPClient.swift in Sources */ = {isa = PBXBuildFile; fileRef = 3F12F0CA2DBA714900507202 /* URLSessionHTTPClient.swift */; };
		3F12F0D12DBA717600507202 /* URLSessionHTTPClient.swift in Sources */ = {isa = PBXBuildFile; fileRef = 3F12F0CA2DBA714900507202 /* URLSessionHTTPClient.swift */; };
		3F12F0D72DBA76F900507202 /* DataTransferService.swift in Sources */ = {isa = PBXBuildFile; fileRef = 3F12F0D62DBA76F900507202 /* DataTransferService.swift */; };
		3F12F0D82DBA76F900507202 /* DataTransferService.swift in Sources */ = {isa = PBXBuildFile; fileRef = 3F12F0D62DBA76F900507202 /* DataTransferService.swift */; };
		3F12F0DB2DBA79D700507202 /* WeatherResponseDTO.swift in Sources */ = {isa = PBXBuildFile; fileRef = 3F12F0DA2DBA79D700507202 /* WeatherResponseDTO.swift */; };
		3F12F0DC2DBA79D700507202 /* WeatherResponseDTO.swift in Sources */ = {isa = PBXBuildFile; fileRef = 3F12F0DA2DBA79D700507202 /* WeatherResponseDTO.swift */; };
		3F12F0E02DBA7E9E00507202 /* WeatherService.swift in Sources */ = {isa = PBXBuildFile; fileRef = 3F12F0DF2DBA7E9C00507202 /* WeatherService.swift */; };
		3F12F0E12DBA7E9E00507202 /* WeatherService.swift in Sources */ = {isa = PBXBuildFile; fileRef = 3F12F0DF2DBA7E9C00507202 /* WeatherService.swift */; };
		3F12F0E62DBA819100507202 /* WeatherRepository.swift in Sources */ = {isa = PBXBuildFile; fileRef = 3F12F0E52DBA818F00507202 /* WeatherRepository.swift */; };
		3F12F0E72DBA819100507202 /* WeatherRepository.swift in Sources */ = {isa = PBXBuildFile; fileRef = 3F12F0E52DBA818F00507202 /* WeatherRepository.swift */; };
/* End PBXBuildFile section */

/* Begin PBXContainerItemProxy section */
		3F12F09C2DBA4F8900507202 /* PBXContainerItemProxy */ = {
			isa = PBXContainerItemProxy;
			containerPortal = 3F12F0842DBA4F8600507202 /* Project object */;
			proxyType = 1;
			remoteGlobalIDString = 3F12F08B2DBA4F8600507202;
			remoteInfo = OpenWeatherTCATest;
		};
		3F12F0A62DBA4F8900507202 /* PBXContainerItemProxy */ = {
			isa = PBXContainerItemProxy;
			containerPortal = 3F12F0842DBA4F8600507202 /* Project object */;
			proxyType = 1;
			remoteGlobalIDString = 3F12F08B2DBA4F8600507202;
			remoteInfo = OpenWeatherTCATest;
		};
/* End PBXContainerItemProxy section */

/* Begin PBXFileReference section */
		3F12F08C2DBA4F8600507202 /* OpenWeatherTCATest.app */ = {isa = PBXFileReference; explicitFileType = wrapper.application; includeInIndex = 0; path = OpenWeatherTCATest.app; sourceTree = BUILT_PRODUCTS_DIR; };
		3F12F09B2DBA4F8900507202 /* OpenWeatherTCATestTests.xctest */ = {isa = PBXFileReference; explicitFileType = wrapper.cfbundle; includeInIndex = 0; path = OpenWeatherTCATestTests.xctest; sourceTree = BUILT_PRODUCTS_DIR; };
		3F12F0A52DBA4F8900507202 /* OpenWeatherTCATestUITests.xctest */ = {isa = PBXFileReference; explicitFileType = wrapper.cfbundle; includeInIndex = 0; path = OpenWeatherTCATestUITests.xctest; sourceTree = BUILT_PRODUCTS_DIR; };
		3F12F0C72DBA5ADD00507202 /* Weather.swift */ = {isa = PBXFileReference; lastKnownFileType = sourcecode.swift; path = Weather.swift; sourceTree = "<group>"; };
		3F12F0C92DBA714500507202 /* HTTPClient.swift */ = {isa = PBXFileReference; lastKnownFileType = sourcecode.swift; path = HTTPClient.swift; sourceTree = "<group>"; };
		3F12F0CA2DBA714900507202 /* URLSessionHTTPClient.swift */ = {isa = PBXFileReference; lastKnownFileType = sourcecode.swift; path = URLSessionHTTPClient.swift; sourceTree = "<group>"; };
		3F12F0CB2DBA714C00507202 /* DefaultDataTransferService.swift */ = {isa = PBXFileReference; lastKnownFileType = sourcecode.swift; path = DefaultDataTransferService.swift; sourceTree = "<group>"; };
		3F12F0D62DBA76F900507202 /* DataTransferService.swift */ = {isa = PBXFileReference; lastKnownFileType = sourcecode.swift; path = DataTransferService.swift; sourceTree = "<group>"; };
		3F12F0DA2DBA79D700507202 /* WeatherResponseDTO.swift */ = {isa = PBXFileReference; lastKnownFileType = sourcecode.swift; path = WeatherResponseDTO.swift; sourceTree = "<group>"; };
		3F12F0DE2DBA7A9D00507202 /* DateExtension.swift */ = {isa = PBXFileReference; lastKnownFileType = sourcecode.swift; path = DateExtension.swift; sourceTree = "<group>"; };
		3F12F0DF2DBA7E9C00507202 /* WeatherService.swift */ = {isa = PBXFileReference; lastKnownFileType = sourcecode.swift; path = WeatherService.swift; sourceTree = "<group>"; };
		3F12F0E52DBA818F00507202 /* WeatherRepository.swift */ = {isa = PBXFileReference; lastKnownFileType = sourcecode.swift; path = WeatherRepository.swift; sourceTree = "<group>"; };
/* End PBXFileReference section */

/* Begin PBXFileSystemSynchronizedBuildFileExceptionSet section */
		3FB894932DBA856C005ED179 /* Exceptions for "OpenWeatherTCATest" folder in "OpenWeatherTCATest" target */ = {
			isa = PBXFileSystemSynchronizedBuildFileExceptionSet;
			membershipExceptions = (
				Info.plist,
			);
			target = 3F12F08B2DBA4F8600507202 /* OpenWeatherTCATest */;
		};
/* End PBXFileSystemSynchronizedBuildFileExceptionSet section */

/* Begin PBXFileSystemSynchronizedRootGroup section */
		3F12F08E2DBA4F8600507202 /* OpenWeatherTCATest */ = {
			isa = PBXFileSystemSynchronizedRootGroup;
			exceptions = (
				3FB894932DBA856C005ED179 /* Exceptions for "OpenWeatherTCATest" folder in "OpenWeatherTCATest" target */,
			);
			path = OpenWeatherTCATest;
			sourceTree = "<group>";
		};
		3F12F09E2DBA4F8900507202 /* OpenWeatherTCATestTests */ = {
			isa = PBXFileSystemSynchronizedRootGroup;
			path = OpenWeatherTCATestTests;
			sourceTree = "<group>";
		};
		3F12F0A82DBA4F8900507202 /* OpenWeatherTCATestUITests */ = {
			isa = PBXFileSystemSynchronizedRootGroup;
			path = OpenWeatherTCATestUITests;
			sourceTree = "<group>";
		};
/* End PBXFileSystemSynchronizedRootGroup section */

/* Begin PBXFrameworksBuildPhase section */
		3F12F0892DBA4F8600507202 /* Frameworks */ = {
			isa = PBXFrameworksBuildPhase;
			buildActionMask = 2147483647;
			files = (
				3F12F0BA2DBA501800507202 /* ComposableArchitecture in Frameworks */,
			);
			runOnlyForDeploymentPostprocessing = 0;
		};
		3F12F0982DBA4F8900507202 /* Frameworks */ = {
			isa = PBXFrameworksBuildPhase;
			buildActionMask = 2147483647;
			files = (
			);
			runOnlyForDeploymentPostprocessing = 0;
		};
		3F12F0A22DBA4F8900507202 /* Frameworks */ = {
			isa = PBXFrameworksBuildPhase;
			buildActionMask = 2147483647;
			files = (
			);
			runOnlyForDeploymentPostprocessing = 0;
		};
/* End PBXFrameworksBuildPhase section */

/* Begin PBXGroup section */
		3F12F0832DBA4F8600507202 = {
			isa = PBXGroup;
			children = (
				3F12F0DD2DBA7A7D00507202 /* Extention */,
				3F12F08E2DBA4F8600507202 /* OpenWeatherTCATest */,
				3F12F0BB2DBA50E600507202 /* Core */,
				3F12F09E2DBA4F8900507202 /* OpenWeatherTCATestTests */,
				3F12F0A82DBA4F8900507202 /* OpenWeatherTCATestUITests */,
				3F12F08D2DBA4F8600507202 /* Products */,
			);
			sourceTree = "<group>";
		};
		3F12F08D2DBA4F8600507202 /* Products */ = {
			isa = PBXGroup;
			children = (
				3F12F08C2DBA4F8600507202 /* OpenWeatherTCATest.app */,
				3F12F09B2DBA4F8900507202 /* OpenWeatherTCATestTests.xctest */,
				3F12F0A52DBA4F8900507202 /* OpenWeatherTCATestUITests.xctest */,
			);
			name = Products;
			sourceTree = "<group>";
		};
		3F12F0BB2DBA50E600507202 /* Core */ = {
			isa = PBXGroup;
			children = (
				3F12F0C82DBA713800507202 /* Infrastructure */,
				3F12F0BE2DBA510400507202 /* Domain */,
				3F12F0BD2DBA510100507202 /* Presentation */,
				3F12F0BC2DBA50FE00507202 /* Data */,
			);
			path = Core;
			sourceTree = "<group>";
		};
		3F12F0BC2DBA50FE00507202 /* Data */ = {
			isa = PBXGroup;
			children = (
				3F12F0D92DBA79CA00507202 /* DTOs */,
				3F12F0C62DBA51A800507202 /* Repositories */,
				3F12F0C52DBA51A500507202 /* Services */,
			);
			path = Data;
			sourceTree = "<group>";
		};
		3F12F0BD2DBA510100507202 /* Presentation */ = {
			isa = PBXGroup;
			children = (
				3F12F0C42DBA519600507202 /* WeatherFeature */,
				3F12F0C32DBA519300507202 /* StoriesFeature */,
			);
			path = Presentation;
			sourceTree = "<group>";
		};
		3F12F0BE2DBA510400507202 /* Domain */ = {
			isa = PBXGroup;
			children = (
				3F12F0C02DBA513000507202 /* Entities */,
				3F12F0BF2DBA512D00507202 /* UseCases */,
			);
			path = Domain;
			sourceTree = "<group>";
		};
		3F12F0BF2DBA512D00507202 /* UseCases */ = {
			isa = PBXGroup;
			children = (
				3F12F0D62DBA76F900507202 /* DataTransferService.swift */,
			);
			path = UseCases;
			sourceTree = "<group>";
		};
		3F12F0C02DBA513000507202 /* Entities */ = {
			isa = PBXGroup;
			children = (
				3F12F0C72DBA5ADD00507202 /* Weather.swift */,
			);
			path = Entities;
			sourceTree = "<group>";
		};
		3F12F0C32DBA519300507202 /* StoriesFeature */ = {
			isa = PBXGroup;
			children = (
			);
			path = StoriesFeature;
			sourceTree = "<group>";
		};
		3F12F0C42DBA519600507202 /* WeatherFeature */ = {
			isa = PBXGroup;
			children = (
			);
			path = WeatherFeature;
			sourceTree = "<group>";
		};
		3F12F0C52DBA51A500507202 /* Services */ = {
			isa = PBXGroup;
			children = (
				3F12F0DF2DBA7E9C00507202 /* WeatherService.swift */,
			);
			path = Services;
			sourceTree = "<group>";
		};
		3F12F0C62DBA51A800507202 /* Repositories */ = {
			isa = PBXGroup;
			children = (
				3F12F0E52DBA818F00507202 /* WeatherRepository.swift */,
			);
			path = Repositories;
			sourceTree = "<group>";
		};
		3F12F0C82DBA713800507202 /* Infrastructure */ = {
			isa = PBXGroup;
			children = (
				3F12F0D42DBA75F400507202 /* Networking */,
				3F12F0CB2DBA714C00507202 /* DefaultDataTransferService.swift */,
				3F12F0C92DBA714500507202 /* HTTPClient.swift */,
				3F12F0CA2DBA714900507202 /* URLSessionHTTPClient.swift */,
			);
			path = Infrastructure;
			sourceTree = "<group>";
		};
		3F12F0D42DBA75F400507202 /* Networking */ = {
			isa = PBXGroup;
			children = (
			);
			path = Networking;
			sourceTree = "<group>";
		};
		3F12F0D92DBA79CA00507202 /* DTOs */ = {
			isa = PBXGroup;
			children = (
				3F12F0DA2DBA79D700507202 /* WeatherResponseDTO.swift */,
			);
			path = DTOs;
			sourceTree = "<group>";
		};
		3F12F0DD2DBA7A7D00507202 /* Extention */ = {
			isa = PBXGroup;
			children = (
				3F12F0DE2DBA7A9D00507202 /* DateExtension.swift */,
			);
			path = Extention;
			sourceTree = "<group>";
		};
/* End PBXGroup section */

/* Begin PBXNativeTarget section */
		3F12F08B2DBA4F8600507202 /* OpenWeatherTCATest */ = {
			isa = PBXNativeTarget;
			buildConfigurationList = 3F12F0AF2DBA4F8900507202 /* Build configuration list for PBXNativeTarget "OpenWeatherTCATest" */;
			buildPhases = (
				3F12F0882DBA4F8600507202 /* Sources */,
				3F12F0892DBA4F8600507202 /* Frameworks */,
				3F12F08A2DBA4F8600507202 /* Resources */,
			);
			buildRules = (
			);
			dependencies = (
			);
			fileSystemSynchronizedGroups = (
				3F12F08E2DBA4F8600507202 /* OpenWeatherTCATest */,
			);
			name = OpenWeatherTCATest;
			packageProductDependencies = (
				3F12F0B92DBA501800507202 /* ComposableArchitecture */,
			);
			productName = OpenWeatherTCATest;
			productReference = 3F12F08C2DBA4F8600507202 /* OpenWeatherTCATest.app */;
			productType = "com.apple.product-type.application";
		};
		3F12F09A2DBA4F8900507202 /* OpenWeatherTCATestTests */ = {
			isa = PBXNativeTarget;
			buildConfigurationList = 3F12F0B22DBA4F8900507202 /* Build configuration list for PBXNativeTarget "OpenWeatherTCATestTests" */;
			buildPhases = (
				3F12F0972DBA4F8900507202 /* Sources */,
				3F12F0982DBA4F8900507202 /* Frameworks */,
				3F12F0992DBA4F8900507202 /* Resources */,
			);
			buildRules = (
			);
			dependencies = (
				3F12F09D2DBA4F8900507202 /* PBXTargetDependency */,
			);
			fileSystemSynchronizedGroups = (
				3F12F09E2DBA4F8900507202 /* OpenWeatherTCATestTests */,
			);
			name = OpenWeatherTCATestTests;
			packageProductDependencies = (
			);
			productName = OpenWeatherTCATestTests;
			productReference = 3F12F09B2DBA4F8900507202 /* OpenWeatherTCATestTests.xctest */;
			productType = "com.apple.product-type.bundle.unit-test";
		};
		3F12F0A42DBA4F8900507202 /* OpenWeatherTCATestUITests */ = {
			isa = PBXNativeTarget;
			buildConfigurationList = 3F12F0B52DBA4F8900507202 /* Build configuration list for PBXNativeTarget "OpenWeatherTCATestUITests" */;
			buildPhases = (
				3F12F0A12DBA4F8900507202 /* Sources */,
				3F12F0A22DBA4F8900507202 /* Frameworks */,
				3F12F0A32DBA4F8900507202 /* Resources */,
			);
			buildRules = (
			);
			dependencies = (
				3F12F0A72DBA4F8900507202 /* PBXTargetDependency */,
			);
			fileSystemSynchronizedGroups = (
				3F12F0A82DBA4F8900507202 /* OpenWeatherTCATestUITests */,
			);
			name = OpenWeatherTCATestUITests;
			packageProductDependencies = (
			);
			productName = OpenWeatherTCATestUITests;
			productReference = 3F12F0A52DBA4F8900507202 /* OpenWeatherTCATestUITests.xctest */;
			productType = "com.apple.product-type.bundle.ui-testing";
		};
/* End PBXNativeTarget section */

/* Begin PBXProject section */
		3F12F0842DBA4F8600507202 /* Project object */ = {
			isa = PBXProject;
			attributes = {
				BuildIndependentTargetsInParallel = 1;
				LastSwiftUpdateCheck = 1630;
				LastUpgradeCheck = 1630;
				TargetAttributes = {
					3F12F08B2DBA4F8600507202 = {
						CreatedOnToolsVersion = 16.3;
					};
					3F12F09A2DBA4F8900507202 = {
						CreatedOnToolsVersion = 16.3;
						TestTargetID = 3F12F08B2DBA4F8600507202;
					};
					3F12F0A42DBA4F8900507202 = {
						CreatedOnToolsVersion = 16.3;
						TestTargetID = 3F12F08B2DBA4F8600507202;
					};
				};
			};
			buildConfigurationList = 3F12F0872DBA4F8600507202 /* Build configuration list for PBXProject "OpenWeatherTCATest" */;
			developmentRegion = en;
			hasScannedForEncodings = 0;
			knownRegions = (
				en,
				Base,
			);
			mainGroup = 3F12F0832DBA4F8600507202;
			minimizedProjectReferenceProxies = 1;
			packageReferences = (
				3F12F0B82DBA501800507202 /* XCRemoteSwiftPackageReference "swift-composable-architecture" */,
			);
			preferredProjectObjectVersion = 77;
			productRefGroup = 3F12F08D2DBA4F8600507202 /* Products */;
			projectDirPath = "";
			projectRoot = "";
			targets = (
				3F12F08B2DBA4F8600507202 /* OpenWeatherTCATest */,
				3F12F09A2DBA4F8900507202 /* OpenWeatherTCATestTests */,
				3F12F0A42DBA4F8900507202 /* OpenWeatherTCATestUITests */,
			);
		};
/* End PBXProject section */

/* Begin PBXResourcesBuildPhase section */
		3F12F08A2DBA4F8600507202 /* Resources */ = {
			isa = PBXResourcesBuildPhase;
			buildActionMask = 2147483647;
			files = (
			);
			runOnlyForDeploymentPostprocessing = 0;
		};
		3F12F0992DBA4F8900507202 /* Resources */ = {
			isa = PBXResourcesBuildPhase;
			buildActionMask = 2147483647;
			files = (
			);
			runOnlyForDeploymentPostprocessing = 0;
		};
		3F12F0A32DBA4F8900507202 /* Resources */ = {
			isa = PBXResourcesBuildPhase;
			buildActionMask = 2147483647;
			files = (
			);
			runOnlyForDeploymentPostprocessing = 0;
		};
/* End PBXResourcesBuildPhase section */

/* Begin PBXSourcesBuildPhase section */
		3F12F0882DBA4F8600507202 /* Sources */ = {
			isa = PBXSourcesBuildPhase;
			buildActionMask = 2147483647;
			files = (
				3F12F0D72DBA76F900507202 /* DataTransferService.swift in Sources */,
				3F12F0DC2DBA79D700507202 /* WeatherResponseDTO.swift in Sources */,
				3F12F0E72DBA819100507202 /* WeatherRepository.swift in Sources */,
				3F12F0CC2DBA716C00507202 /* DefaultDataTransferService.swift in Sources */,
				3F12F0E12DBA7E9E00507202 /* WeatherService.swift in Sources */,
				3F12F0CE2DBA717100507202 /* HTTPClient.swift in Sources */,
				3F12F0D02DBA717600507202 /* URLSessionHTTPClient.swift in Sources */,
			);
			runOnlyForDeploymentPostprocessing = 0;
		};
		3F12F0972DBA4F8900507202 /* Sources */ = {
			isa = PBXSourcesBuildPhase;
			buildActionMask = 2147483647;
			files = (
				3F12F0CD2DBA716C00507202 /* DefaultDataTransferService.swift in Sources */,
				3F12F0E62DBA819100507202 /* WeatherRepository.swift in Sources */,
				3F12F0E02DBA7E9E00507202 /* WeatherService.swift in Sources */,
				3F12F0CF2DBA717100507202 /* HTTPClient.swift in Sources */,
				3F12F0DB2DBA79D700507202 /* WeatherResponseDTO.swift in Sources */,
				3F12F0D12DBA717600507202 /* URLSessionHTTPClient.swift in Sources */,
				3F12F0D82DBA76F900507202 /* DataTransferService.swift in Sources */,
			);
			runOnlyForDeploymentPostprocessing = 0;
		};
		3F12F0A12DBA4F8900507202 /* Sources */ = {
			isa = PBXSourcesBuildPhase;
			buildActionMask = 2147483647;
			files = (
			);
			runOnlyForDeploymentPostprocessing = 0;
		};
/* End PBXSourcesBuildPhase section */

/* Begin PBXTargetDependency section */
		3F12F09D2DBA4F8900507202 /* PBXTargetDependency */ = {
			isa = PBXTargetDependency;
			target = 3F12F08B2DBA4F8600507202 /* OpenWeatherTCATest */;
			targetProxy = 3F12F09C2DBA4F8900507202 /* PBXContainerItemProxy */;
		};
		3F12F0A72DBA4F8900507202 /* PBXTargetDependency */ = {
			isa = PBXTargetDependency;
			target = 3F12F08B2DBA4F8600507202 /* OpenWeatherTCATest */;
			targetProxy = 3F12F0A62DBA4F8900507202 /* PBXContainerItemProxy */;
		};
/* End PBXTargetDependency section */

/* Begin XCBuildConfiguration section */
		3F12F0AD2DBA4F8900507202 /* Debug */ = {
			isa = XCBuildConfiguration;
			buildSettings = {
				ALWAYS_SEARCH_USER_PATHS = NO;
				ASSETCATALOG_COMPILER_GENERATE_SWIFT_ASSET_SYMBOL_EXTENSIONS = YES;
				CLANG_ANALYZER_NONNULL = YES;
				CLANG_ANALYZER_NUMBER_OBJECT_CONVERSION = YES_AGGRESSIVE;
				CLANG_CXX_LANGUAGE_STANDARD = "gnu++20";
				CLANG_ENABLE_MODULES = YES;
				CLANG_ENABLE_OBJC_ARC = YES;
				CLANG_ENABLE_OBJC_WEAK = YES;
				CLANG_WARN_BLOCK_CAPTURE_AUTORELEASING = YES;
				CLANG_WARN_BOOL_CONVERSION = YES;
				CLANG_WARN_COMMA = YES;
				CLANG_WARN_CONSTANT_CONVERSION = YES;
				CLANG_WARN_DEPRECATED_OBJC_IMPLEMENTATIONS = YES;
				CLANG_WARN_DIRECT_OBJC_ISA_USAGE = YES_ERROR;
				CLANG_WARN_DOCUMENTATION_COMMENTS = YES;
				CLANG_WARN_EMPTY_BODY = YES;
				CLANG_WARN_ENUM_CONVERSION = YES;
				CLANG_WARN_INFINITE_RECURSION = YES;
				CLANG_WARN_INT_CONVERSION = YES;
				CLANG_WARN_NON_LITERAL_NULL_CONVERSION = YES;
				CLANG_WARN_OBJC_IMPLICIT_RETAIN_SELF = YES;
				CLANG_WARN_OBJC_LITERAL_CONVERSION = YES;
				CLANG_WARN_OBJC_ROOT_CLASS = YES_ERROR;
				CLANG_WARN_QUOTED_INCLUDE_IN_FRAMEWORK_HEADER = YES;
				CLANG_WARN_RANGE_LOOP_ANALYSIS = YES;
				CLANG_WARN_STRICT_PROTOTYPES = YES;
				CLANG_WARN_SUSPICIOUS_MOVE = YES;
				CLANG_WARN_UNGUARDED_AVAILABILITY = YES_AGGRESSIVE;
				CLANG_WARN_UNREACHABLE_CODE = YES;
				CLANG_WARN__DUPLICATE_METHOD_MATCH = YES;
				COPY_PHASE_STRIP = NO;
				DEBUG_INFORMATION_FORMAT = dwarf;
				DEVELOPMENT_TEAM = TWVS59U6EK;
				ENABLE_STRICT_OBJC_MSGSEND = YES;
				ENABLE_TESTABILITY = YES;
				ENABLE_USER_SCRIPT_SANDBOXING = YES;
				GCC_C_LANGUAGE_STANDARD = gnu17;
				GCC_DYNAMIC_NO_PIC = NO;
				GCC_NO_COMMON_BLOCKS = YES;
				GCC_OPTIMIZATION_LEVEL = 0;
				GCC_PREPROCESSOR_DEFINITIONS = (
					"DEBUG=1",
					"$(inherited)",
				);
				GCC_WARN_64_TO_32_BIT_CONVERSION = YES;
				GCC_WARN_ABOUT_RETURN_TYPE = YES_ERROR;
				GCC_WARN_UNDECLARED_SELECTOR = YES;
				GCC_WARN_UNINITIALIZED_AUTOS = YES_AGGRESSIVE;
				GCC_WARN_UNUSED_FUNCTION = YES;
				GCC_WARN_UNUSED_VARIABLE = YES;
				IPHONEOS_DEPLOYMENT_TARGET = 18.4;
				LOCALIZATION_PREFERS_STRING_CATALOGS = YES;
				MTL_ENABLE_DEBUG_INFO = INCLUDE_SOURCE;
				MTL_FAST_MATH = YES;
				ONLY_ACTIVE_ARCH = YES;
				SDKROOT = iphoneos;
				SWIFT_ACTIVE_COMPILATION_CONDITIONS = "DEBUG $(inherited)";
				SWIFT_OPTIMIZATION_LEVEL = "-Onone";
			};
			name = Debug;
		};
		3F12F0AE2DBA4F8900507202 /* Release */ = {
			isa = XCBuildConfiguration;
			buildSettings = {
				ALWAYS_SEARCH_USER_PATHS = NO;
				ASSETCATALOG_COMPILER_GENERATE_SWIFT_ASSET_SYMBOL_EXTENSIONS = YES;
				CLANG_ANALYZER_NONNULL = YES;
				CLANG_ANALYZER_NUMBER_OBJECT_CONVERSION = YES_AGGRESSIVE;
				CLANG_CXX_LANGUAGE_STANDARD = "gnu++20";
				CLANG_ENABLE_MODULES = YES;
				CLANG_ENABLE_OBJC_ARC = YES;
				CLANG_ENABLE_OBJC_WEAK = YES;
				CLANG_WARN_BLOCK_CAPTURE_AUTORELEASING = YES;
				CLANG_WARN_BOOL_CONVERSION = YES;
				CLANG_WARN_COMMA = YES;
				CLANG_WARN_CONSTANT_CONVERSION = YES;
				CLANG_WARN_DEPRECATED_OBJC_IMPLEMENTATIONS = YES;
				CLANG_WARN_DIRECT_OBJC_ISA_USAGE = YES_ERROR;
				CLANG_WARN_DOCUMENTATION_COMMENTS = YES;
				CLANG_WARN_EMPTY_BODY = YES;
				CLANG_WARN_ENUM_CONVERSION = YES;
				CLANG_WARN_INFINITE_RECURSION = YES;
				CLANG_WARN_INT_CONVERSION = YES;
				CLANG_WARN_NON_LITERAL_NULL_CONVERSION = YES;
				CLANG_WARN_OBJC_IMPLICIT_RETAIN_SELF = YES;
				CLANG_WARN_OBJC_LITERAL_CONVERSION = YES;
				CLANG_WARN_OBJC_ROOT_CLASS = YES_ERROR;
				CLANG_WARN_QUOTED_INCLUDE_IN_FRAMEWORK_HEADER = YES;
				CLANG_WARN_RANGE_LOOP_ANALYSIS = YES;
				CLANG_WARN_STRICT_PROTOTYPES = YES;
				CLANG_WARN_SUSPICIOUS_MOVE = YES;
				CLANG_WARN_UNGUARDED_AVAILABILITY = YES_AGGRESSIVE;
				CLANG_WARN_UNREACHABLE_CODE = YES;
				CLANG_WARN__DUPLICATE_METHOD_MATCH = YES;
				COPY_PHASE_STRIP = NO;
				DEBUG_INFORMATION_FORMAT = "dwarf-with-dsym";
				DEVELOPMENT_TEAM = TWVS59U6EK;
				ENABLE_NS_ASSERTIONS = NO;
				ENABLE_STRICT_OBJC_MSGSEND = YES;
				ENABLE_USER_SCRIPT_SANDBOXING = YES;
				GCC_C_LANGUAGE_STANDARD = gnu17;
				GCC_NO_COMMON_BLOCKS = YES;
				GCC_WARN_64_TO_32_BIT_CONVERSION = YES;
				GCC_WARN_ABOUT_RETURN_TYPE = YES_ERROR;
				GCC_WARN_UNDECLARED_SELECTOR = YES;
				GCC_WARN_UNINITIALIZED_AUTOS = YES_AGGRESSIVE;
				GCC_WARN_UNUSED_FUNCTION = YES;
				GCC_WARN_UNUSED_VARIABLE = YES;
				IPHONEOS_DEPLOYMENT_TARGET = 18.4;
				LOCALIZATION_PREFERS_STRING_CATALOGS = YES;
				MTL_ENABLE_DEBUG_INFO = NO;
				MTL_FAST_MATH = YES;
				SDKROOT = iphoneos;
				SWIFT_COMPILATION_MODE = wholemodule;
				VALIDATE_PRODUCT = YES;
			};
			name = Release;
		};
		3F12F0B02DBA4F8900507202 /* Debug */ = {
			isa = XCBuildConfiguration;
			buildSettings = {
				ASSETCATALOG_COMPILER_APPICON_NAME = AppIcon;
				ASSETCATALOG_COMPILER_GLOBAL_ACCENT_COLOR_NAME = AccentColor;
				CODE_SIGN_STYLE = Automatic;
				CURRENT_PROJECT_VERSION = 1;
				DEVELOPMENT_TEAM = TWVS59U6EK;
				ENABLE_PREVIEWS = YES;
				GENERATE_INFOPLIST_FILE = YES;
				INFOPLIST_FILE = OpenWeatherTCATest/Info.plist;
				INFOPLIST_KEY_LSApplicationCategoryType = "public.app-category.weather";
				INFOPLIST_KEY_UIApplicationSceneManifest_Generation = YES;
				INFOPLIST_KEY_UIApplicationSupportsIndirectInputEvents = YES;
				INFOPLIST_KEY_UILaunchScreen_Generation = YES;
				INFOPLIST_KEY_UISupportedInterfaceOrientations_iPad = "UIInterfaceOrientationPortrait UIInterfaceOrientationPortraitUpsideDown UIInterfaceOrientationLandscapeLeft UIInterfaceOrientationLandscapeRight";
				INFOPLIST_KEY_UISupportedInterfaceOrientations_iPhone = "UIInterfaceOrientationPortrait UIInterfaceOrientationLandscapeLeft UIInterfaceOrientationLandscapeRight";
				IPHONEOS_DEPLOYMENT_TARGET = 18.0;
				LD_RUNPATH_SEARCH_PATHS = (
					"$(inherited)",
					"@executable_path/Frameworks",
				);
				MARKETING_VERSION = 1.0;
				PRODUCT_BUNDLE_IDENTIFIER = YULan.OpenWeatherTCATest;
				PRODUCT_NAME = "$(TARGET_NAME)";
				SUPPORTED_PLATFORMS = "iphoneos iphonesimulator";
				SUPPORTS_MACCATALYST = NO;
				SUPPORTS_MAC_DESIGNED_FOR_IPHONE_IPAD = NO;
				SUPPORTS_XR_DESIGNED_FOR_IPHONE_IPAD = NO;
				SWIFT_EMIT_LOC_STRINGS = YES;
				SWIFT_VERSION = 5.0;
				TARGETED_DEVICE_FAMILY = "1,2";
			};
			name = Debug;
		};
		3F12F0B12DBA4F8900507202 /* Release */ = {
			isa = XCBuildConfiguration;
			buildSettings = {
				ASSETCATALOG_COMPILER_APPICON_NAME = AppIcon;
				ASSETCATALOG_COMPILER_GLOBAL_ACCENT_COLOR_NAME = AccentColor;
				CODE_SIGN_STYLE = Automatic;
				CURRENT_PROJECT_VERSION = 1;
				DEVELOPMENT_TEAM = TWVS59U6EK;
				ENABLE_PREVIEWS = YES;
				GENERATE_INFOPLIST_FILE = YES;
				INFOPLIST_FILE = OpenWeatherTCATest/Info.plist;
				INFOPLIST_KEY_LSApplicationCategoryType = "public.app-category.weather";
				INFOPLIST_KEY_UIApplicationSceneManifest_Generation = YES;
				INFOPLIST_KEY_UIApplicationSupportsIndirectInputEvents = YES;
				INFOPLIST_KEY_UILaunchScreen_Generation = YES;
				INFOPLIST_KEY_UISupportedInterfaceOrientations_iPad = "UIInterfaceOrientationPortrait UIInterfaceOrientationPortraitUpsideDown UIInterfaceOrientationLandscapeLeft UIInterfaceOrientationLandscapeRight";
				INFOPLIST_KEY_UISupportedInterfaceOrientations_iPhone = "UIInterfaceOrientationPortrait UIInterfaceOrientationLandscapeLeft UIInterfaceOrientationLandscapeRight";
				IPHONEOS_DEPLOYMENT_TARGET = 18.0;
				LD_RUNPATH_SEARCH_PATHS = (
					"$(inherited)",
					"@executable_path/Frameworks",
				);
				MARKETING_VERSION = 1.0;
				PRODUCT_BUNDLE_IDENTIFIER = YULan.OpenWeatherTCATest;
				PRODUCT_NAME = "$(TARGET_NAME)";
				SUPPORTED_PLATFORMS = "iphoneos iphonesimulator";
				SUPPORTS_MACCATALYST = NO;
				SUPPORTS_MAC_DESIGNED_FOR_IPHONE_IPAD = NO;
				SUPPORTS_XR_DESIGNED_FOR_IPHONE_IPAD = NO;
				SWIFT_EMIT_LOC_STRINGS = YES;
				SWIFT_VERSION = 5.0;
				TARGETED_DEVICE_FAMILY = "1,2";
			};
			name = Release;
		};
		3F12F0B32DBA4F8900507202 /* Debug */ = {
			isa = XCBuildConfiguration;
			buildSettings = {
				BUNDLE_LOADER = "$(TEST_HOST)";
				CODE_SIGN_STYLE = Automatic;
				CURRENT_PROJECT_VERSION = 1;
				DEVELOPMENT_TEAM = TWVS59U6EK;
				GENERATE_INFOPLIST_FILE = YES;
				IPHONEOS_DEPLOYMENT_TARGET = 18.4;
				MARKETING_VERSION = 1.0;
				PRODUCT_BUNDLE_IDENTIFIER = YULan.OpenWeatherTCATestTests;
				PRODUCT_NAME = "$(TARGET_NAME)";
				SWIFT_EMIT_LOC_STRINGS = NO;
				SWIFT_VERSION = 5.0;
				TARGETED_DEVICE_FAMILY = "1,2";
				TEST_HOST = "$(BUILT_PRODUCTS_DIR)/OpenWeatherTCATest.app/$(BUNDLE_EXECUTABLE_FOLDER_PATH)/OpenWeatherTCATest";
			};
			name = Debug;
		};
		3F12F0B42DBA4F8900507202 /* Release */ = {
			isa = XCBuildConfiguration;
			buildSettings = {
				BUNDLE_LOADER = "$(TEST_HOST)";
				CODE_SIGN_STYLE = Automatic;
				CURRENT_PROJECT_VERSION = 1;
				DEVELOPMENT_TEAM = TWVS59U6EK;
				GENERATE_INFOPLIST_FILE = YES;
				IPHONEOS_DEPLOYMENT_TARGET = 18.4;
				MARKETING_VERSION = 1.0;
				PRODUCT_BUNDLE_IDENTIFIER = YULan.OpenWeatherTCATestTests;
				PRODUCT_NAME = "$(TARGET_NAME)";
				SWIFT_EMIT_LOC_STRINGS = NO;
				SWIFT_VERSION = 5.0;
				TARGETED_DEVICE_FAMILY = "1,2";
				TEST_HOST = "$(BUILT_PRODUCTS_DIR)/OpenWeatherTCATest.app/$(BUNDLE_EXECUTABLE_FOLDER_PATH)/OpenWeatherTCATest";
			};
			name = Release;
		};
		3F12F0B62DBA4F8900507202 /* Debug */ = {
			isa = XCBuildConfiguration;
			buildSettings = {
				CODE_SIGN_STYLE = Automatic;
				CURRENT_PROJECT_VERSION = 1;
				DEVELOPMENT_TEAM = TWVS59U6EK;
				GENERATE_INFOPLIST_FILE = YES;
				MARKETING_VERSION = 1.0;
				PRODUCT_BUNDLE_IDENTIFIER = YULan.OpenWeatherTCATestUITests;
				PRODUCT_NAME = "$(TARGET_NAME)";
				SWIFT_EMIT_LOC_STRINGS = NO;
				SWIFT_VERSION = 5.0;
				TARGETED_DEVICE_FAMILY = "1,2";
				TEST_TARGET_NAME = OpenWeatherTCATest;
			};
			name = Debug;
		};
		3F12F0B72DBA4F8900507202 /* Release */ = {
			isa = XCBuildConfiguration;
			buildSettings = {
				CODE_SIGN_STYLE = Automatic;
				CURRENT_PROJECT_VERSION = 1;
				DEVELOPMENT_TEAM = TWVS59U6EK;
				GENERATE_INFOPLIST_FILE = YES;
				MARKETING_VERSION = 1.0;
				PRODUCT_BUNDLE_IDENTIFIER = YULan.OpenWeatherTCATestUITests;
				PRODUCT_NAME = "$(TARGET_NAME)";
				SWIFT_EMIT_LOC_STRINGS = NO;
				SWIFT_VERSION = 5.0;
				TARGETED_DEVICE_FAMILY = "1,2";
				TEST_TARGET_NAME = OpenWeatherTCATest;
			};
			name = Release;
		};
/* End XCBuildConfiguration section */

/* Begin XCConfigurationList section */
		3F12F0872DBA4F8600507202 /* Build configuration list for PBXProject "OpenWeatherTCATest" */ = {
			isa = XCConfigurationList;
			buildConfigurations = (
				3F12F0AD2DBA4F8900507202 /* Debug */,
				3F12F0AE2DBA4F8900507202 /* Release */,
			);
			defaultConfigurationIsVisible = 0;
			defaultConfigurationName = Release;
		};
		3F12F0AF2DBA4F8900507202 /* Build configuration list for PBXNativeTarget "OpenWeatherTCATest" */ = {
			isa = XCConfigurationList;
			buildConfigurations = (
				3F12F0B02DBA4F8900507202 /* Debug */,
				3F12F0B12DBA4F8900507202 /* Release */,
			);
			defaultConfigurationIsVisible = 0;
			defaultConfigurationName = Release;
		};
		3F12F0B22DBA4F8900507202 /* Build configuration list for PBXNativeTarget "OpenWeatherTCATestTests" */ = {
			isa = XCConfigurationList;
			buildConfigurations = (
				3F12F0B32DBA4F8900507202 /* Debug */,
				3F12F0B42DBA4F8900507202 /* Release */,
			);
			defaultConfigurationIsVisible = 0;
			defaultConfigurationName = Release;
		};
		3F12F0B52DBA4F8900507202 /* Build configuration list for PBXNativeTarget "OpenWeatherTCATestUITests" */ = {
			isa = XCConfigurationList;
			buildConfigurations = (
				3F12F0B62DBA4F8900507202 /* Debug */,
				3F12F0B72DBA4F8900507202 /* Release */,
			);
			defaultConfigurationIsVisible = 0;
			defaultConfigurationName = Release;
		};
/* End XCConfigurationList section */

/* Begin XCRemoteSwiftPackageReference section */
		3F12F0B82DBA501800507202 /* XCRemoteSwiftPackageReference "swift-composable-architecture" */ = {
			isa = XCRemoteSwiftPackageReference;
			repositoryURL = "https://github.com/pointfreeco/swift-composable-architecture";
			requirement = {
				kind = upToNextMajorVersion;
				minimumVersion = 1.19.1;
			};
		};
/* End XCRemoteSwiftPackageReference section */

/* Begin XCSwiftPackageProductDependency section */
		3F12F0B92DBA501800507202 /* ComposableArchitecture */ = {
			isa = XCSwiftPackageProductDependency;
			package = 3F12F0B82DBA501800507202 /* XCRemoteSwiftPackageReference "swift-composable-architecture" */;
			productName = ComposableArchitecture;
		};
/* End XCSwiftPackageProductDependency section */
	};
	rootObject = 3F12F0842DBA4F8600507202 /* Project object */;
}
